
Microsoft Visual Studio Solution File, Format Version 12.00
# Visual Studio Version 17
VisualStudioVersion = 17.6.33723.286
MinimumVisualStudioVersion = 10.0.40219.1
Project("{9A19103F-16F7-4668-BE54-9A1E7A4F7556}") = "CalamityTH", "CalamityTH.csproj", "{99AA1F6F-4ED6-4CC0-829B-777E6933CDF8}"
EndProject
Global
	GlobalSection(SolutionConfigurationPlatforms) = preSolution
		Debug|Any CPU = Debug|Any CPU
		Release|Any CPU = Release|Any CPU
	EndGlobalSection
	GlobalSection(ProjectConfigurationPlatforms) = postSolution
		{99AA1F6F-4ED6-4CC0-829B-777E6933CDF8}.Debug|Any CPU.ActiveCfg = Debug|Any CPU
		{99AA1F6F-4ED6-4CC0-829B-777E6933CDF8}.Debug|Any CPU.Build.0 = Debug|Any CPU
		{99AA1F6F-4ED6-4CC0-829B-777E6933CDF8}.Release|Any CPU.ActiveCfg = Release|Any CPU
		{99AA1F6F-4ED6-4CC0-829B-777E6933CDF8}.Release|Any CPU.Build.0 = Release|Any CPU
	EndGlobalSection
	GlobalSection(SolutionProperties) = preSolution
		HideSolutionNode = FALSE
	EndGlobalSection
	GlobalSection(ExtensibilityGlobals) = postSolution
		SolutionGuid = {A22889F4-E7E1-42AE-96B3-07663B32BE42}
	EndGlobalSection
EndGlobal
